
Microsoft Visual Studio Solution File, Format Version 12.00
# Visual Studio Version 17
VisualStudioVersion = 17.7.34031.279
MinimumVisualStudioVersion = 10.0.40219.1
Project("{9A19103F-16F7-4668-BE54-9A1E7A4F7556}") = "GitHubGrabber", "src\GitHubGrabber.csproj", "{A81502B7-849C-40FC-ABE2-97589F4A8A86}"
EndProject
Project("{2150E333-8FDC-42A3-9474-1A3956D46DE8}") = "src", "src", "{2BB4E319-3D8E-4957-A043-EE89C18E99BF}"
EndProject
Project("{2150E333-8FDC-42A3-9474-1A3956D46DE8}") = "tests", "tests", "{798078D5-7056-4CD7-8E82-35E190AA185F}"
EndProject
Project("{9A19103F-16F7-4668-BE54-9A1E7A4F7556}") = "GitHubGrabberTests", "tests\GitHubGrabberTests\GitHubGrabberTests.csproj", "{63125A90-70E7-4AEF-B312-3BA91234617D}"
EndProject
Global
	GlobalSection(SolutionConfigurationPlatforms) = preSolution
		Debug|Any CPU = Debug|Any CPU
		Release|Any CPU = Release|Any CPU
	EndGlobalSection
	GlobalSection(ProjectConfigurationPlatforms) = postSolution
		{A81502B7-849C-40FC-ABE2-97589F4A8A86}.Debug|Any CPU.ActiveCfg = Debug|Any CPU
		{A81502B7-849C-40FC-ABE2-97589F4A8A86}.Debug|Any CPU.Build.0 = Debug|Any CPU
		{A81502B7-849C-40FC-ABE2-97589F4A8A86}.Release|Any CPU.ActiveCfg = Release|Any CPU
		{A81502B7-849C-40FC-ABE2-97589F4A8A86}.Release|Any CPU.Build.0 = Release|Any CPU
		{63125A90-70E7-4AEF-B312-3BA91234617D}.Debug|Any CPU.ActiveCfg = Debug|Any CPU
		{63125A90-70E7-4AEF-B312-3BA91234617D}.Debug|Any CPU.Build.0 = Debug|Any CPU
		{63125A90-70E7-4AEF-B312-3BA91234617D}.Release|Any CPU.ActiveCfg = Release|Any CPU
		{63125A90-70E7-4AEF-B312-3BA91234617D}.Release|Any CPU.Build.0 = Release|Any CPU
	EndGlobalSection
	GlobalSection(SolutionProperties) = preSolution
		HideSolutionNode = FALSE
	EndGlobalSection
	GlobalSection(NestedProjects) = preSolution
		{A81502B7-849C-40FC-ABE2-97589F4A8A86} = {2BB4E319-3D8E-4957-A043-EE89C18E99BF}
		{63125A90-70E7-4AEF-B312-3BA91234617D} = {798078D5-7056-4CD7-8E82-35E190AA185F}
	EndGlobalSection
	GlobalSection(ExtensibilityGlobals) = postSolution
		SolutionGuid = {82260EC4-1657-47FD-8C27-BBF3A8283C6D}
	EndGlobalSection
EndGlobal
